
Microsoft Visual Studio Solution File, Format Version 12.00
# Visual Studio Version 17
VisualStudioVersion = 17.6.33829.357
MinimumVisualStudioVersion = 10.0.40219.1
Project("{FAE04EC0-301F-11D3-BF4B-00C04F79EFBC}") = "ClassLibrary10", "ClassLibrary10\ClassLibrary10.csproj", "{72D6C315-3CC6-4A6A-BF56-7742FB87E0C2}"
EndProject
Project("{FAE04EC0-301F-11D3-BF4B-00C04F79EFBC}") = "ConsoleApp1", "ConsoleApp1\ConsoleApp1.csproj", "{2CD67327-156E-475C-8ADF-353566969651}"
EndProject
Project("{FAE04EC0-301F-11D3-BF4B-00C04F79EFBC}") = "ConsoleApp2", "ConsoleApp2\ConsoleApp2.csproj", "{BE2613F4-D708-4F47-BEE4-92660F33CF9A}"
EndProject
Global
	GlobalSection(SolutionConfigurationPlatforms) = preSolution
		Debug|Any CPU = Debug|Any CPU
		Release|Any CPU = Release|Any CPU
	EndGlobalSection
	GlobalSection(ProjectConfigurationPlatforms) = postSolution
		{72D6C315-3CC6-4A6A-BF56-7742FB87E0C2}.Debug|Any CPU.ActiveCfg = Debug|Any CPU
		{72D6C315-3CC6-4A6A-BF56-7742FB87E0C2}.Debug|Any CPU.Build.0 = Debug|Any CPU
		{72D6C315-3CC6-4A6A-BF56-7742FB87E0C2}.Release|Any CPU.ActiveCfg = Release|Any CPU
		{72D6C315-3CC6-4A6A-BF56-7742FB87E0C2}.Release|Any CPU.Build.0 = Release|Any CPU
		{2CD67327-156E-475C-8ADF-353566969651}.Debug|Any CPU.ActiveCfg = Debug|Any CPU
		{2CD67327-156E-475C-8ADF-353566969651}.Debug|Any CPU.Build.0 = Debug|Any CPU
		{2CD67327-156E-475C-8ADF-353566969651}.Release|Any CPU.ActiveCfg = Release|Any CPU
		{2CD67327-156E-475C-8ADF-353566969651}.Release|Any CPU.Build.0 = Release|Any CPU
		{BE2613F4-D708-4F47-BEE4-92660F33CF9A}.Debug|Any CPU.ActiveCfg = Debug|Any CPU
		{BE2613F4-D708-4F47-BEE4-92660F33CF9A}.Debug|Any CPU.Build.0 = Debug|Any CPU
		{BE2613F4-D708-4F47-BEE4-92660F33CF9A}.Release|Any CPU.ActiveCfg = Release|Any CPU
		{BE2613F4-D708-4F47-BEE4-92660F33CF9A}.Release|Any CPU.Build.0 = Release|Any CPU
	EndGlobalSection
	GlobalSection(SolutionProperties) = preSolution
		HideSolutionNode = FALSE
	EndGlobalSection
	GlobalSection(ExtensibilityGlobals) = postSolution
		SolutionGuid = {E3E3B079-58DD-4162-9B88-BD2C57C8EC6E}
	EndGlobalSection
EndGlobal
